
Microsoft Visual Studio Solution File, Format Version 12.00
# Visual Studio Version 16
VisualStudioVersion = 16.0.30804.86
MinimumVisualStudioVersion = 10.0.40219.1
Project("{FAE04EC0-301F-11D3-BF4B-00C04F79EFBC}") = "Parcial1-ap1-20180240", "Parcial1-ap1-20180240\Parcial1-ap1-20180240.csproj", "{DCD9EB75-4F85-4964-A736-91355863485B}"
EndProject
Global
	GlobalSection(SolutionConfigurationPlatforms) = preSolution
		Debug|Any CPU = Debug|Any CPU
		Release|Any CPU = Release|Any CPU
	EndGlobalSection
	GlobalSection(ProjectConfigurationPlatforms) = postSolution
		{DCD9EB75-4F85-4964-A736-91355863485B}.Debug|Any CPU.ActiveCfg = Debug|Any CPU
		{DCD9EB75-4F85-4964-A736-91355863485B}.Debug|Any CPU.Build.0 = Debug|Any CPU
		{DCD9EB75-4F85-4964-A736-91355863485B}.Release|Any CPU.ActiveCfg = Release|Any CPU
		{DCD9EB75-4F85-4964-A736-91355863485B}.Release|Any CPU.Build.0 = Release|Any CPU
	EndGlobalSection
	GlobalSection(SolutionProperties) = preSolution
		HideSolutionNode = FALSE
	EndGlobalSection
	GlobalSection(ExtensibilityGlobals) = postSolution
		SolutionGuid = {579B7C44-1A0F-4E71-AE46-5D08B1407C49}
	EndGlobalSection
EndGlobal
